PODS:
  - MagicalRecord/Shorthand (2.2)
  - UITableView-NXEmptyView (0.1.7)

DEPENDENCIES:
  - MagicalRecord/Shorthand
  - UITableView-NXEmptyView

SPEC REPOS:
  https://github.com/cocoapods/specs.git:
    - MagicalRecord
    - UITableView-NXEmptyView

SPEC CHECKSUMS:
  MagicalRecord: 2dc87179ae7c1f2a274442624ec65a07d4357a6f
  UITableView-NXEmptyView: 0bc404cfd9c201af518a63240ac4ac4dad2c69c2

PODFILE CHECKSUM: a81547def795716469a37191646953b8bef87c4b

COCOAPODS: 1.5.3
